
Microsoft Visual Studio Solution File, Format Version 12.00
Project("{FAE04EC0-301F-11D3-BF4B-00C04F79EFBC}") = "IcpcResolver", "src\IcpcResolver\IcpcResolver.csproj", "{6E79530D-041A-4CAC-8192-9854A9D86C01}"
EndProject
Project("{FAE04EC0-301F-11D3-BF4B-00C04F79EFBC}") = "IcpcResolver.Test", "src\IcpcResolver.Test\IcpcResolver.Test.csproj", "{AFEB14A5-52C9-44EA-95A6-A3E5CA24BA65}"
EndProject
Global
	GlobalSection(SolutionConfigurationPlatforms) = preSolution
		Debug|Any CPU = Debug|Any CPU
		Release|Any CPU = Release|Any CPU
	EndGlobalSection
	GlobalSection(ProjectConfigurationPlatforms) = postSolution
		{6E79530D-041A-4CAC-8192-9854A9D86C01}.Debug|Any CPU.ActiveCfg = Debug|Any CPU
		{6E79530D-041A-4CAC-8192-9854A9D86C01}.Debug|Any CPU.Build.0 = Debug|Any CPU
		{6E79530D-041A-4CAC-8192-9854A9D86C01}.Release|Any CPU.ActiveCfg = Release|Any CPU
		{6E79530D-041A-4CAC-8192-9854A9D86C01}.Release|Any CPU.Build.0 = Release|Any CPU
		{AFEB14A5-52C9-44EA-95A6-A3E5CA24BA65}.Debug|Any CPU.ActiveCfg = Debug|Any CPU
		{AFEB14A5-52C9-44EA-95A6-A3E5CA24BA65}.Debug|Any CPU.Build.0 = Debug|Any CPU
		{AFEB14A5-52C9-44EA-95A6-A3E5CA24BA65}.Release|Any CPU.ActiveCfg = Release|Any CPU
		{AFEB14A5-52C9-44EA-95A6-A3E5CA24BA65}.Release|Any CPU.Build.0 = Release|Any CPU
	EndGlobalSection
EndGlobal
